[[package]]
category = "dev"
description = "A small Python module for determining appropriate platform-specific dirs, e.g. a \"user data dir\"."
name = "appdirs"
optional = false
python-versions = "*"
version = "1.4.4"

[[package]]
category = "main"
description = "The secure Argon2 password hashing algorithm."
name = "argon2-cffi"
optional = false
python-versions = "*"
version = "20.1.0"

[package.dependencies]
cffi = ">=1.0.0"
six = "*"

[package.extras]
dev = ["coverage (>=5.0.2)", "hypothesis", "pytest", "sphinx", "wheel", "pre-commit"]
docs = ["sphinx"]
tests = ["coverage (>=5.0.2)", "hypothesis", "pytest"]

[[package]]
category = "main"
description = "ASGI specs, helper code, and adapters"
name = "asgiref"
optional = false
python-versions = ">=3.5"
version = "3.2.10"

[package.extras]
tests = ["pytest", "pytest-asyncio"]

[[package]]
category = "dev"
description = "Classes Without Boilerplate"
name = "attrs"
optional = false
python-versions = ">=2.7, !=3.0.*, !=3.1.*, !=3.2.*, !=3.3.*"
version = "20.2.0"

[package.extras]
dev = ["coverage (>=5.0.2)", "hypothesis", "pympler", "pytest (>=4.3.0)", "six", "zope.interface", "sphinx", "sphinx-rtd-theme", "pre-commit"]
docs = ["sphinx", "sphinx-rtd-theme", "zope.interface"]
tests = ["coverage (>=5.0.2)", "hypothesis", "pympler", "pytest (>=4.3.0)", "six", "zope.interface"]
tests_no_zope = ["coverage (>=5.0.2)", "hypothesis", "pympler", "pytest (>=4.3.0)", "six"]

[[package]]
category = "dev"
description = "The uncompromising code formatter."
name = "black"
optional = false
python-versions = ">=3.6"
version = "19.10b0"

[package.dependencies]
appdirs = "*"
attrs = ">=18.1.0"
click = ">=6.5"
pathspec = ">=0.6,<1"
regex = "*"
toml = ">=0.9.4"
typed-ast = ">=1.4.0"

[package.extras]
d = ["aiohttp (>=3.3.2)", "aiohttp-cors"]

[[package]]
category = "main"
description = "Foreign Function Interface for Python calling C code."
name = "cffi"
optional = false
python-versions = "*"
version = "1.14.3"

[package.dependencies]
pycparser = "*"

[[package]]
category = "dev"
description = "Composable command line interface toolkit"
name = "click"
optional = false
python-versions = ">=2.7, !=3.0.*, !=3.1.*, !=3.2.*, !=3.3.*, !=3.4.*"
version = "7.1.2"

[[package]]
category = "main"
description = "A high-level Python Web framework that encourages rapid development and clean, pragmatic design."
name = "django"
optional = false
python-versions = ">=3.6"
version = "3.1.1"

[package.dependencies]
asgiref = ">=3.2.10,<3.3.0"
pytz = "*"
sqlparse = ">=0.2.2"

[package.extras]
argon2 = ["argon2-cffi (>=16.1.0)"]
bcrypt = ["bcrypt"]

[[package]]
category = "dev"
description = "A configurable set of panels that display various debug information about the current request/response."
name = "django-debug-toolbar"
optional = false
python-versions = ">=3.5"
version = "2.2"

[package.dependencies]
Django = ">=1.11"
sqlparse = ">=0.2.0"

[[package]]
category = "main"
description = "Declarative model lifecycle hooks."
name = "django-lifecycle"
optional = false
python-versions = "*"
version = "0.7.7"

[package.dependencies]
Django = ">=2.0"
urlman = ">=1.2.0"

[[package]]
category = "dev"
description = "the modular source code checker: pep8 pyflakes and co"
name = "flake8"
optional = false
python-versions = "!=3.0.*,!=3.1.*,!=3.2.*,!=3.3.*,>=2.7"
version = "3.8.3"

[package.dependencies]
mccabe = ">=0.6.0,<0.7.0"
pycodestyle = ">=2.6.0a1,<2.7.0"
pyflakes = ">=2.2.0,<2.3.0"

[[package]]
category = "main"
description = "WSGI HTTP Server for UNIX"
name = "gunicorn"
optional = false
python-versions = ">=3.4"
version = "20.0.4"

[package.dependencies]
setuptools = ">=3.0"

[package.extras]
eventlet = ["eventlet (>=0.9.7)"]
gevent = ["gevent (>=0.13)"]
setproctitle = ["setproctitle"]
tornado = ["tornado (>=0.2)"]

[[package]]
category = "dev"
description = "McCabe checker, plugin for flake8"
name = "mccabe"
optional = false
python-versions = "*"
version = "0.6.1"

[[package]]
category = "dev"
description = "Utility library for gitignore style pattern matching of file paths."
name = "pathspec"
optional = false
python-versions = ">=2.7, !=3.0.*, !=3.1.*, !=3.2.*, !=3.3.*, !=3.4.*"
version = "0.8.0"

[[package]]
category = "main"
description = "Python Imaging Library (Fork)"
name = "pillow"
optional = false
python-versions = ">=3.5"
version = "7.2.0"

[[package]]
category = "main"
description = "psycopg2 - Python-PostgreSQL Database Adapter"
name = "psycopg2-binary"
optional = false
python-versions = ">=2.7,!=3.0.*,!=3.1.*,!=3.2.*,!=3.3.*"
version = "2.8.6"

[[package]]
category = "dev"
description = "Python style guide checker"
name = "pycodestyle"
optional = false
python-versions = ">=2.7, !=3.0.*, !=3.1.*, !=3.2.*, !=3.3.*"
version = "2.6.0"

[[package]]
category = "main"
description = "C parser in Python"
name = "pycparser"
optional = false
python-versions = ">=2.7, !=3.0.*, !=3.1.*, !=3.2.*, !=3.3.*"
version = "2.20"

[[package]]
category = "dev"
description = "passive checker of Python programs"
name = "pyflakes"
optional = false
python-versions = ">=2.7, !=3.0.*, !=3.1.*, !=3.2.*, !=3.3.*"
version = "2.2.0"

[[package]]
category = "main"
description = "World timezone definitions, modern and historical"
name = "pytz"
optional = false
python-versions = "*"
version = "2020.1"

[[package]]
category = "dev"
description = "Alternative regular expression module, to replace re."
name = "regex"
optional = false
python-versions = "*"
version = "2020.7.14"

[[package]]
category = "main"
description = "Python 2 and 3 compatibility utilities"
name = "six"
optional = false
python-versions = ">=2.7, !=3.0.*, !=3.1.*, !=3.2.*"
version = "1.15.0"

[[package]]
category = "main"
description = "Non-validating SQL parser"
name = "sqlparse"
optional = false
python-versions = ">=2.7, !=3.0.*, !=3.1.*, !=3.2.*, !=3.3.*"
version = "0.3.1"

[[package]]
category = "dev"
description = "Python Library for Tom's Obvious, Minimal Language"
name = "toml"
optional = false
python-versions = "*"
version = "0.10.1"

[[package]]
category = "dev"
description = "a fork of Python 2 and 3 ast modules with type comment support"
name = "typed-ast"
optional = false
python-versions = "*"
version = "1.4.1"

[[package]]
category = "main"
description = "Django URL pattern helpers"
name = "urlman"
optional = false
python-versions = "*"
version = "1.3.0"

[metadata]
content-hash = "e4d630838e7a458f5be738f146beed5c2c8f9a418fecc9f933903b4c11d2cd97"
lock-version = "1.0"
python-versions = "^3.8"

[metadata.files]
appdirs = [
    {file = "appdirs-1.4.4-py2.py3-none-any.whl", hash = "sha256:a841dacd6b99318a741b166adb07e19ee71a274450e68237b4650ca1055ab128"},
    {file = "appdirs-1.4.4.tar.gz", hash = "sha256:7d5d0167b2b1ba821647616af46a749d1c653740dd0d2415100fe26e27afdf41"},
]
argon2-cffi = [
    {file = "argon2-cffi-20.1.0.tar.gz", hash = "sha256:d8029b2d3e4b4cea770e9e5a0104dd8fa185c1724a0f01528ae4826a6d25f97d"},
    {file = "argon2_cffi-20.1.0-cp27-cp27m-macosx_10_6_intel.whl", hash = "sha256:6ea92c980586931a816d61e4faf6c192b4abce89aa767ff6581e6ddc985ed003"},
    {file = "argon2_cffi-20.1.0-cp27-cp27m-manylinux1_x86_64.whl", hash = "sha256:05a8ac07c7026542377e38389638a8a1e9b78f1cd8439cd7493b39f08dd75fbf"},
    {file = "argon2_cffi-20.1.0-cp27-cp27m-win32.whl", hash = "sha256:0bf066bc049332489bb2d75f69216416329d9dc65deee127152caeb16e5ce7d5"},
    {file = "argon2_cffi-20.1.0-cp27-cp27m-win_amd64.whl", hash = "sha256:57358570592c46c420300ec94f2ff3b32cbccd10d38bdc12dc6979c4a8484fbc"},
    {file = "argon2_cffi-20.1.0-cp27-cp27mu-manylinux1_x86_64.whl", hash = "sha256:7d455c802727710e9dfa69b74ccaab04568386ca17b0ad36350b622cd34606fe"},
    {file = "argon2_cffi-20.1.0-cp35-abi3-manylinux1_x86_64.whl", hash = "sha256:b160416adc0f012fb1f12588a5e6954889510f82f698e23ed4f4fa57f12a0647"},
    {file = "argon2_cffi-20.1.0-cp35-cp35m-win32.whl", hash = "sha256:9bee3212ba4f560af397b6d7146848c32a800652301843df06b9e8f68f0f7361"},
    {file = "argon2_cffi-20.1.0-cp35-cp35m-win_amd64.whl", hash = "sha256:392c3c2ef91d12da510cfb6f9bae52512a4552573a9e27600bdb800e05905d2b"},
    {file = "argon2_cffi-20.1.0-cp36-cp36m-win32.whl", hash = "sha256:ba7209b608945b889457f949cc04c8e762bed4fe3fec88ae9a6b7765ae82e496"},
    {file = "argon2_cffi-20.1.0-cp36-cp36m-win_amd64.whl", hash = "sha256:da7f0445b71db6d3a72462e04f36544b0de871289b0bc8a7cc87c0f5ec7079fa"},
    {file = "argon2_cffi-20.1.0-cp37-abi3-macosx_10_6_intel.whl", hash = "sha256:cc0e028b209a5483b6846053d5fd7165f460a1f14774d79e632e75e7ae64b82b"},
    {file = "argon2_cffi-20.1.0-cp37-cp37m-win32.whl", hash = "sha256:18dee20e25e4be86680b178b35ccfc5d495ebd5792cd00781548d50880fee5c5"},
    {file = "argon2_cffi-20.1.0-cp37-cp37m-win_amd64.whl", hash = "sha256:6678bb047373f52bcff02db8afab0d2a77d83bde61cfecea7c5c62e2335cb203"},
    {file = "argon2_cffi-20.1.0-cp38-cp38-win32.whl", hash = "sha256:77e909cc756ef81d6abb60524d259d959bab384832f0c651ed7dcb6e5ccdbb78"},
    {file = "argon2_cffi-20.1.0-cp38-cp38-win_amd64.whl", hash = "sha256:9dfd5197852530294ecb5795c97a823839258dfd5eb9420233c7cfedec2058f2"},
]
asgiref = [
    {file = "asgiref-3.2.10-py3-none-any.whl", hash = "sha256:9fc6fb5d39b8af147ba40765234fa822b39818b12cc80b35ad9b0cef3a476aed"},
    {file = "asgiref-3.2.10.tar.gz", hash = "sha256:7e51911ee147dd685c3c8b805c0ad0cb58d360987b56953878f8c06d2d1c6f1a"},
]
attrs = [
    {file = "attrs-20.2.0-py2.py3-none-any.whl", hash = "sha256:fce7fc47dfc976152e82d53ff92fa0407700c21acd20886a13777a0d20e655dc"},
    {file = "attrs-20.2.0.tar.gz", hash = "sha256:26b54ddbbb9ee1d34d5d3668dd37d6cf74990ab23c828c2888dccdceee395594"},
]
black = [
    {file = "black-19.10b0-py36-none-any.whl", hash = "sha256:1b30e59be925fafc1ee4565e5e08abef6b03fe455102883820fe5ee2e4734e0b"},
    {file = "black-19.10b0.tar.gz", hash = "sha256:c2edb73a08e9e0e6f65a0e6af18b059b8b1cdd5bef997d7a0b181df93dc81539"},
]
cffi = [
    {file = "cffi-1.14.3-cp27-cp27m-macosx_10_9_x86_64.whl", hash = "sha256:485d029815771b9fe4fa7e1c304352fe57df6939afe835dfd0182c7c13d5e92e"},
    {file = "cffi-1.14.3-cp27-cp27m-manylinux1_i686.whl", hash = "sha256:3cb3e1b9ec43256c4e0f8d2837267a70b0e1ca8c4f456685508ae6106b1f504c"},
    {file = "cffi-1.14.3-cp27-cp27m-manylinux1_x86_64.whl", hash = "sha256:f0620511387790860b249b9241c2f13c3a80e21a73e0b861a2df24e9d6f56730"},
    {file = "cffi-1.14.3-cp27-cp27m-win32.whl", hash = "sha256:005f2bfe11b6745d726dbb07ace4d53f057de66e336ff92d61b8c7e9c8f4777d"},
    {file = "cffi-1.14.3-cp27-cp27m-win_amd64.whl", hash = "sha256:2f9674623ca39c9ebe38afa3da402e9326c245f0f5ceff0623dccdac15023e05"},
    {file = "cffi-1.14.3-cp27-cp27mu-manylinux1_i686.whl", hash = "sha256:09e96138280241bd355cd585148dec04dbbedb4f46128f340d696eaafc82dd7b"},
    {file = "cffi-1.14.3-cp27-cp27mu-manylinux1_x86_64.whl", hash = "sha256:3363e77a6176afb8823b6e06db78c46dbc4c7813b00a41300a4873b6ba63b171"},
    {file = "cffi-1.14.3-cp35-cp35m-macosx_10_9_x86_64.whl", hash = "sha256:52bf29af05344c95136df71716bb60508bbd217691697b4307dcae681612db9f"},
    {file = "cffi-1.14.3-cp35-cp35m-manylinux1_i686.whl", hash = "sha256:0ef488305fdce2580c8b2708f22d7785ae222d9825d3094ab073e22e93dfe51f"},
    {file = "cffi-1.14.3-cp35-cp35m-manylinux1_x86_64.whl", hash = "sha256:0b1ad452cc824665ddc682400b62c9e4f5b64736a2ba99110712fdee5f2505c4"},
    {file = "cffi-1.14.3-cp35-cp35m-win32.whl", hash = "sha256:85ba797e1de5b48aa5a8427b6ba62cf69607c18c5d4eb747604b7302f1ec382d"},
    {file = "cffi-1.14.3-cp35-cp35m-win_amd64.whl", hash = "sha256:e66399cf0fc07de4dce4f588fc25bfe84a6d1285cc544e67987d22663393926d"},
    {file = "cffi-1.14.3-cp36-cp36m-macosx_10_9_x86_64.whl", hash = "sha256:c687778dda01832555e0af205375d649fa47afeaeeb50a201711f9a9573323b8"},
    {file = "cffi-1.14.3-cp36-cp36m-manylinux1_i686.whl", hash = "sha256:15f351bed09897fbda218e4db5a3d5c06328862f6198d4fb385f3e14e19decb3"},
    {file = "cffi-1.14.3-cp36-cp36m-manylinux1_x86_64.whl", hash = "sha256:4d7c26bfc1ea9f92084a1d75e11999e97b62d63128bcc90c3624d07813c52808"},
    {file = "cffi-1.14.3-cp36-cp36m-manylinux2014_aarch64.whl", hash = "sha256:23e5d2040367322824605bc29ae8ee9175200b92cb5483ac7d466927a9b3d537"},
    {file = "cffi-1.14.3-cp36-cp36m-win32.whl", hash = "sha256:a624fae282e81ad2e4871bdb767e2c914d0539708c0f078b5b355258293c98b0"},
    {file = "cffi-1.14.3-cp36-cp36m-win_amd64.whl", hash = "sha256:de31b5164d44ef4943db155b3e8e17929707cac1e5bd2f363e67a56e3af4af6e"},
    {file = "cffi-1.14.3-cp37-cp37m-macosx_10_9_x86_64.whl", hash = "sha256:03d3d238cc6c636a01cf55b9b2e1b6531a7f2f4103fabb5a744231582e68ecc7"},
    {file = "cffi-1.14.3-cp37-cp37m-manylinux1_i686.whl", hash = "sha256:f92cdecb618e5fa4658aeb97d5eb3d2f47aa94ac6477c6daf0f306c5a3b9e6b1"},
    {file = "cffi-1.14.3-cp37-cp37m-manylinux1_x86_64.whl", hash = "sha256:22399ff4870fb4c7ef19fff6eeb20a8bbf15571913c181c78cb361024d574579"},
    {file = "cffi-1.14.3-cp37-cp37m-manylinux2014_aarch64.whl", hash = "sha256:f4eae045e6ab2bb54ca279733fe4eb85f1effda392666308250714e01907f394"},
    {file = "cffi-1.14.3-cp37-cp37m-win32.whl", hash = "sha256:b0358e6fefc74a16f745afa366acc89f979040e0cbc4eec55ab26ad1f6a9bfbc"},
    {file = "cffi-1.14.3-cp37-cp37m-win_amd64.whl", hash = "sha256:6642f15ad963b5092d65aed022d033c77763515fdc07095208f15d3563003869"},
    {file = "cffi-1.14.3-cp38-cp38-macosx_10_9_x86_64.whl", hash = "sha256:c2a33558fdbee3df370399fe1712d72464ce39c66436270f3664c03f94971aff"},
    {file = "cffi-1.14.3-cp38-cp38-manylinux1_i686.whl", hash = "sha256:2791f68edc5749024b4722500e86303a10d342527e1e3bcac47f35fbd25b764e"},
    {file = "cffi-1.14.3-cp38-cp38-manylinux1_x86_64.whl", hash = "sha256:529c4ed2e10437c205f38f3691a68be66c39197d01062618c55f74294a4a4828"},
    {file = "cffi-1.14.3-cp38-cp38-manylinux2014_aarch64.whl", hash = "sha256:8f0f1e499e4000c4c347a124fa6a27d37608ced4fe9f7d45070563b7c4c370c9"},
    {file = "cffi-1.14.3-cp38-cp38-win32.whl", hash = "sha256:3b8eaf915ddc0709779889c472e553f0d3e8b7bdf62dab764c8921b09bf94522"},
    {file = "cffi-1.14.3-cp38-cp38-win_amd64.whl", hash = "sha256:bbd2f4dfee1079f76943767fce837ade3087b578aeb9f69aec7857d5bf25db15"},
    {file = "cffi-1.14.3-cp39-cp39-macosx_10_9_x86_64.whl", hash = "sha256:5d9a7dc7cf8b1101af2602fe238911bcc1ac36d239e0a577831f5dac993856e9"},
    {file = "cffi-1.14.3-cp39-cp39-manylinux1_i686.whl", hash = "sha256:cc75f58cdaf043fe6a7a6c04b3b5a0e694c6a9e24050967747251fb80d7bce0d"},
    {file = "cffi-1.14.3-cp39-cp39-manylinux1_x86_64.whl", hash = "sha256:bf39a9e19ce7298f1bd6a9758fa99707e9e5b1ebe5e90f2c3913a47bc548747c"},
    {file = "cffi-1.14.3-cp39-cp39-win32.whl", hash = "sha256:d80998ed59176e8cba74028762fbd9b9153b9afc71ea118e63bbf5d4d0f9552b"},
    {file = "cffi-1.14.3-cp39-cp39-win_amd64.whl", hash = "sha256:c150eaa3dadbb2b5339675b88d4573c1be3cb6f2c33a6c83387e10cc0bf05bd3"},
    {file = "cffi-1.14.3.tar.gz", hash = "sha256:f92f789e4f9241cd262ad7a555ca2c648a98178a953af117ef7fad46aa1d5591"},
]
click = [
    {file = "click-7.1.2-py2.py3-none-any.whl", hash = "sha256:dacca89f4bfadd5de3d7489b7c8a566eee0d3676333fbb50030263894c38c0dc"},
    {file = "click-7.1.2.tar.gz", hash = "sha256:d2b5255c7c6349bc1bd1e59e08cd12acbbd63ce649f2588755783aa94dfb6b1a"},
]
django = [
    {file = "Django-3.1.1-py3-none-any.whl", hash = "sha256:b5fbb818e751f660fa2d576d9f40c34a4c615c8b48dd383f5216e609f383371f"},
    {file = "Django-3.1.1.tar.gz", hash = "sha256:59c8125ca873ed3bdae9c12b146fbbd6ed8d0f743e4cf5f5817af50c51f1fc2f"},
]
django-debug-toolbar = [
    {file = "django-debug-toolbar-2.2.tar.gz", hash = "sha256:eabbefe89881bbe4ca7c980ff102e3c35c8e8ad6eb725041f538988f2f39a943"},
    {file = "django_debug_toolbar-2.2-py3-none-any.whl", hash = "sha256:ff94725e7aae74b133d0599b9bf89bd4eb8f5d2c964106e61d11750228c8774c"},
]
django-lifecycle = [
    {file = "django-lifecycle-0.7.7.tar.gz", hash = "sha256:1712ec79ee2bc2a7141dd139367a82c24cf30214eb946310d563bcb9d3710cf8"},
]
flake8 = [
    {file = "flake8-3.8.3-py2.py3-none-any.whl", hash = "sha256:15e351d19611c887e482fb960eae4d44845013cc142d42896e9862f775d8cf5c"},
    {file = "flake8-3.8.3.tar.gz", hash = "sha256:f04b9fcbac03b0a3e58c0ab3a0ecc462e023a9faf046d57794184028123aa208"},
]
gunicorn = [
    {file = "gunicorn-20.0.4-py2.py3-none-any.whl", hash = "sha256:cd4a810dd51bf497552cf3f863b575dabd73d6ad6a91075b65936b151cbf4f9c"},
    {file = "gunicorn-20.0.4.tar.gz", hash = "sha256:1904bb2b8a43658807108d59c3f3d56c2b6121a701161de0ddf9ad140073c626"},
]
mccabe = [
    {file = "mccabe-0.6.1-py2.py3-none-any.whl", hash = "sha256:ab8a6258860da4b6677da4bd2fe5dc2c659cff31b3ee4f7f5d64e79735b80d42"},
    {file = "mccabe-0.6.1.tar.gz", hash = "sha256:dd8d182285a0fe56bace7f45b5e7d1a6ebcbf524e8f3bd87eb0f125271b8831f"},
]
pathspec = [
    {file = "pathspec-0.8.0-py2.py3-none-any.whl", hash = "sha256:7d91249d21749788d07a2d0f94147accd8f845507400749ea19c1ec9054a12b0"},
    {file = "pathspec-0.8.0.tar.gz", hash = "sha256:da45173eb3a6f2a5a487efba21f050af2b41948be6ab52b6a1e3ff22bb8b7061"},
]
pillow = [
    {file = "Pillow-7.2.0-cp35-cp35m-macosx_10_10_intel.whl", hash = "sha256:1ca594126d3c4def54babee699c055a913efb01e106c309fa6b04405d474d5ae"},
    {file = "Pillow-7.2.0-cp35-cp35m-manylinux1_i686.whl", hash = "sha256:c92302a33138409e8f1ad16731568c55c9053eee71bb05b6b744067e1b62380f"},
    {file = "Pillow-7.2.0-cp35-cp35m-manylinux1_x86_64.whl", hash = "sha256:8dad18b69f710bf3a001d2bf3afab7c432785d94fcf819c16b5207b1cfd17d38"},
    {file = "Pillow-7.2.0-cp35-cp35m-manylinux2014_aarch64.whl", hash = "sha256:431b15cffbf949e89df2f7b48528be18b78bfa5177cb3036284a5508159492b5"},
    {file = "Pillow-7.2.0-cp35-cp35m-win32.whl", hash = "sha256:09d7f9e64289cb40c2c8d7ad674b2ed6105f55dc3b09aa8e4918e20a0311e7ad"},
    {file = "Pillow-7.2.0-cp35-cp35m-win_amd64.whl", hash = "sha256:0295442429645fa16d05bd567ef5cff178482439c9aad0411d3f0ce9b88b3a6f"},
    {file = "Pillow-7.2.0-cp36-cp36m-macosx_10_10_x86_64.whl", hash = "sha256:ec29604081f10f16a7aea809ad42e27764188fc258b02259a03a8ff7ded3808d"},
    {file = "Pillow-7.2.0-cp36-cp36m-manylinux1_i686.whl", hash = "sha256:612cfda94e9c8346f239bf1a4b082fdd5c8143cf82d685ba2dba76e7adeeb233"},
    {file = "Pillow-7.2.0-cp36-cp36m-manylinux1_x86_64.whl", hash = "sha256:0a80dd307a5d8440b0a08bd7b81617e04d870e40a3e46a32d9c246e54705e86f"},
    {file = "Pillow-7.2.0-cp36-cp36m-manylinux2014_aarch64.whl", hash = "sha256:06aba4169e78c439d528fdeb34762c3b61a70813527a2c57f0540541e9f433a8"},
    {file = "Pillow-7.2.0-cp36-cp36m-win32.whl", hash = "sha256:f7e30c27477dffc3e85c2463b3e649f751789e0f6c8456099eea7ddd53be4a8a"},
    {file = "Pillow-7.2.0-cp36-cp36m-win_amd64.whl", hash = "sha256:ffe538682dc19cc542ae7c3e504fdf54ca7f86fb8a135e59dd6bc8627eae6cce"},
    {file = "Pillow-7.2.0-cp37-cp37m-macosx_10_10_x86_64.whl", hash = "sha256:94cf49723928eb6070a892cb39d6c156f7b5a2db4e8971cb958f7b6b104fb4c4"},
    {file = "Pillow-7.2.0-cp37-cp37m-manylinux1_i686.whl", hash = "sha256:6edb5446f44d901e8683ffb25ebdfc26988ee813da3bf91e12252b57ac163727"},
    {file = "Pillow-7.2.0-cp37-cp37m-manylinux1_x86_64.whl", hash = "sha256:52125833b070791fcb5710fabc640fc1df07d087fc0c0f02d3661f76c23c5b8b"},
    {file = "Pillow-7.2.0-cp37-cp37m-manylinux2014_aarch64.whl", hash = "sha256:9ad7f865eebde135d526bb3163d0b23ffff365cf87e767c649550964ad72785d"},
    {file = "Pillow-7.2.0-cp37-cp37m-win32.whl", hash = "sha256:c79f9c5fb846285f943aafeafda3358992d64f0ef58566e23484132ecd8d7d63"},
    {file = "Pillow-7.2.0-cp37-cp37m-win_amd64.whl", hash = "sha256:d350f0f2c2421e65fbc62690f26b59b0bcda1b614beb318c81e38647e0f673a1"},
    {file = "Pillow-7.2.0-cp38-cp38-macosx_10_10_x86_64.whl", hash = "sha256:6d7741e65835716ceea0fd13a7d0192961212fd59e741a46bbed7a473c634ed6"},
    {file = "Pillow-7.2.0-cp38-cp38-manylinux1_i686.whl", hash = "sha256:edf31f1150778abd4322444c393ab9c7bd2af271dd4dafb4208fb613b1f3cdc9"},
    {file = "Pillow-7.2.0-cp38-cp38-manylinux1_x86_64.whl", hash = "sha256:d08b23fdb388c0715990cbc06866db554e1822c4bdcf6d4166cf30ac82df8c41"},
    {file = "Pillow-7.2.0-cp38-cp38-manylinux2014_aarch64.whl", hash = "sha256:5e51ee2b8114def244384eda1c82b10e307ad9778dac5c83fb0943775a653cd8"},
    {file = "Pillow-7.2.0-cp38-cp38-win32.whl", hash = "sha256:725aa6cfc66ce2857d585f06e9519a1cc0ef6d13f186ff3447ab6dff0a09bc7f"},
    {file = "Pillow-7.2.0-cp38-cp38-win_amd64.whl", hash = "sha256:a060cf8aa332052df2158e5a119303965be92c3da6f2d93b6878f0ebca80b2f6"},
    {file = "Pillow-7.2.0-pp36-pypy36_pp73-win32.whl", hash = "sha256:25930fadde8019f374400f7986e8404c8b781ce519da27792cbe46eabec00c4d"},
    {file = "Pillow-7.2.0.tar.gz", hash = "sha256:97f9e7953a77d5a70f49b9a48da7776dc51e9b738151b22dacf101641594a626"},
]
psycopg2-binary = [
    {file = "psycopg2-binary-2.8.6.tar.gz", hash = "sha256:11b9c0ebce097180129e422379b824ae21c8f2a6596b159c7659e2e5a00e1aa0"},
    {file = "psycopg2_binary-2.8.6-cp27-cp27m-macosx_10_6_intel.macosx_10_9_intel.macosx_10_9_x86_64.macosx_10_10_intel.macosx_10_10_x86_64.whl", hash = "sha256:d14b140a4439d816e3b1229a4a525df917d6ea22a0771a2a78332273fd9528a4"},
    {file = "psycopg2_binary-2.8.6-cp27-cp27m-manylinux1_i686.whl", hash = "sha256:1fabed9ea2acc4efe4671b92c669a213db744d2af8a9fc5d69a8e9bc14b7a9db"},
    {file = "psycopg2_binary-2.8.6-cp27-cp27m-manylinux1_x86_64.whl", hash = "sha256:f5ab93a2cb2d8338b1674be43b442a7f544a0971da062a5da774ed40587f18f5"},
    {file = "psycopg2_binary-2.8.6-cp27-cp27m-win32.whl", hash = "sha256:b4afc542c0ac0db720cf516dd20c0846f71c248d2b3d21013aa0d4ef9c71ca25"},
    {file = "psycopg2_binary-2.8.6-cp27-cp27m-win_amd64.whl", hash = "sha256:e74a55f6bad0e7d3968399deb50f61f4db1926acf4a6d83beaaa7df986f48b1c"},
    {file = "psycopg2_binary-2.8.6-cp27-cp27mu-manylinux1_i686.whl", hash = "sha256:0deac2af1a587ae12836aa07970f5cb91964f05a7c6cdb69d8425ff4c15d4e2c"},
    {file = "psycopg2_binary-2.8.6-cp27-cp27mu-manylinux1_x86_64.whl", hash = "sha256:ad20d2eb875aaa1ea6d0f2916949f5c08a19c74d05b16ce6ebf6d24f2c9f75d1"},
    {file = "psycopg2_binary-2.8.6-cp34-cp34m-win32.whl", hash = "sha256:950bc22bb56ee6ff142a2cb9ee980b571dd0912b0334aa3fe0fe3788d860bea2"},
    {file = "psycopg2_binary-2.8.6-cp34-cp34m-win_amd64.whl", hash = "sha256:b8a3715b3c4e604bcc94c90a825cd7f5635417453b253499664f784fc4da0152"},
    {file = "psycopg2_binary-2.8.6-cp35-cp35m-macosx_10_6_intel.macosx_10_9_intel.macosx_10_9_x86_64.macosx_10_10_intel.macosx_10_10_x86_64.whl", hash = "sha256:d1b4ab59e02d9008efe10ceabd0b31e79519da6fb67f7d8e8977118832d0f449"},
    {file = "psycopg2_binary-2.8.6-cp35-cp35m-manylinux1_i686.whl", hash = "sha256:ac0c682111fbf404525dfc0f18a8b5f11be52657d4f96e9fcb75daf4f3984859"},
    {file = "psycopg2_binary-2.8.6-cp35-cp35m-manylinux1_x86_64.whl", hash = "sha256:7d92a09b788cbb1aec325af5fcba9fed7203897bbd9269d5691bb1e3bce29550"},
    {file = "psycopg2_binary-2.8.6-cp35-cp35m-win32.whl", hash = "sha256:aaa4213c862f0ef00022751161df35804127b78adf4a2755b9f991a507e425fd"},
    {file = "psycopg2_binary-2.8.6-cp35-cp35m-win_amd64.whl", hash = "sha256:c2507d796fca339c8fb03216364cca68d87e037c1f774977c8fc377627d01c71"},
    {file = "psycopg2_binary-2.8.6-cp36-cp36m-macosx_10_6_intel.macosx_10_9_intel.macosx_10_9_x86_64.macosx_10_10_intel.macosx_10_10_x86_64.whl", hash = "sha256:ee69dad2c7155756ad114c02db06002f4cded41132cc51378e57aad79cc8e4f4"},
    {file = "psycopg2_binary-2.8.6-cp36-cp36m-manylinux1_i686.whl", hash = "sha256:e82aba2188b9ba309fd8e271702bd0d0fc9148ae3150532bbb474f4590039ffb"},
    {file = "psycopg2_binary-2.8.6-cp36-cp36m-manylinux1_x86_64.whl", hash = "sha256:d5227b229005a696cc67676e24c214740efd90b148de5733419ac9aaba3773da"},
    {file = "psycopg2_binary-2.8.6-cp36-cp36m-win32.whl", hash = "sha256:a0eb43a07386c3f1f1ebb4dc7aafb13f67188eab896e7397aa1ee95a9c884eb2"},
    {file = "psycopg2_binary-2.8.6-cp36-cp36m-win_amd64.whl", hash = "sha256:e1f57aa70d3f7cc6947fd88636a481638263ba04a742b4a37dd25c373e41491a"},
    {file = "psycopg2_binary-2.8.6-cp37-cp37m-macosx_10_6_intel.macosx_10_9_intel.macosx_10_9_x86_64.macosx_10_10_intel.macosx_10_10_x86_64.whl", hash = "sha256:833709a5c66ca52f1d21d41865a637223b368c0ee76ea54ca5bad6f2526c7679"},
    {file = "psycopg2_binary-2.8.6-cp37-cp37m-manylinux1_i686.whl", hash = "sha256:ba28584e6bca48c59eecbf7efb1576ca214b47f05194646b081717fa628dfddf"},
    {file = "psycopg2_binary-2.8.6-cp37-cp37m-manylinux1_x86_64.whl", hash = "sha256:6a32f3a4cb2f6e1a0b15215f448e8ce2da192fd4ff35084d80d5e39da683e79b"},
    {file = "psycopg2_binary-2.8.6-cp37-cp37m-win32.whl", hash = "sha256:0e4dc3d5996760104746e6cfcdb519d9d2cd27c738296525d5867ea695774e67"},
    {file = "psycopg2_binary-2.8.6-cp37-cp37m-win_amd64.whl", hash = "sha256:cec7e622ebc545dbb4564e483dd20e4e404da17ae07e06f3e780b2dacd5cee66"},
    {file = "psycopg2_binary-2.8.6-cp38-cp38-macosx_10_9_x86_64.macosx_10_9_intel.macosx_10_10_intel.macosx_10_10_x86_64.whl", hash = "sha256:ba381aec3a5dc29634f20692349d73f2d21f17653bda1decf0b52b11d694541f"},
    {file = "psycopg2_binary-2.8.6-cp38-cp38-manylinux1_i686.whl", hash = "sha256:a0c50db33c32594305b0ef9abc0cb7db13de7621d2cadf8392a1d9b3c437ef77"},
    {file = "psycopg2_binary-2.8.6-cp38-cp38-manylinux1_x86_64.whl", hash = "sha256:2dac98e85565d5688e8ab7bdea5446674a83a3945a8f416ad0110018d1501b94"},
    {file = "psycopg2_binary-2.8.6-cp38-cp38-win32.whl", hash = "sha256:bd1be66dde2b82f80afb9459fc618216753f67109b859a361cf7def5c7968729"},
    {file = "psycopg2_binary-2.8.6-cp38-cp38-win_amd64.whl", hash = "sha256:8cd0fb36c7412996859cb4606a35969dd01f4ea34d9812a141cd920c3b18be77"},
    {file = "psycopg2_binary-2.8.6-cp39-cp39-manylinux1_i686.whl", hash = "sha256:42ec1035841b389e8cc3692277a0bd81cdfe0b65d575a2c8862cec7a80e62e52"},
    {file = "psycopg2_binary-2.8.6-cp39-cp39-manylinux1_x86_64.whl", hash = "sha256:7312e931b90fe14f925729cde58022f5d034241918a5c4f9797cac62f6b3a9dd"},
]
pycodestyle = [
    {file = "pycodestyle-2.6.0-py2.py3-none-any.whl", hash = "sha256:2295e7b2f6b5bd100585ebcb1f616591b652db8a741695b3d8f5d28bdc934367"},
    {file = "pycodestyle-2.6.0.tar.gz", hash = "sha256:c58a7d2815e0e8d7972bf1803331fb0152f867bd89adf8a01dfd55085434192e"},
]
pycparser = [
    {file = "pycparser-2.20-py2.py3-none-any.whl", hash = "sha256:7582ad22678f0fcd81102833f60ef8d0e57288b6b5fb00323d101be910e35705"},
    {file = "pycparser-2.20.tar.gz", hash = "sha256:2d475327684562c3a96cc71adf7dc8c4f0565175cf86b6d7a404ff4c771f15f0"},
]
pyflakes = [
    {file = "pyflakes-2.2.0-py2.py3-none-any.whl", hash = "sha256:0d94e0e05a19e57a99444b6ddcf9a6eb2e5c68d3ca1e98e90707af8152c90a92"},
    {file = "pyflakes-2.2.0.tar.gz", hash = "sha256:35b2d75ee967ea93b55750aa9edbbf72813e06a66ba54438df2cfac9e3c27fc8"},
]
pytz = [
    {file = "pytz-2020.1-py2.py3-none-any.whl", hash = "sha256:a494d53b6d39c3c6e44c3bec237336e14305e4f29bbf800b599253057fbb79ed"},
    {file = "pytz-2020.1.tar.gz", hash = "sha256:c35965d010ce31b23eeb663ed3cc8c906275d6be1a34393a1d73a41febf4a048"},
]
regex = [
    {file = "regex-2020.7.14-cp27-cp27m-win32.whl", hash = "sha256:e46d13f38cfcbb79bfdb2964b0fe12561fe633caf964a77a5f8d4e45fe5d2ef7"},
    {file = "regex-2020.7.14-cp27-cp27m-win_amd64.whl", hash = "sha256:6961548bba529cac7c07af2fd4d527c5b91bb8fe18995fed6044ac22b3d14644"},
    {file = "regex-2020.7.14-cp36-cp36m-manylinux1_i686.whl", hash = "sha256:c50a724d136ec10d920661f1442e4a8b010a4fe5aebd65e0c2241ea41dbe93dc"},
    {file = "regex-2020.7.14-cp36-cp36m-manylinux1_x86_64.whl", hash = "sha256:8a51f2c6d1f884e98846a0a9021ff6861bdb98457879f412fdc2b42d14494067"},
    {file = "regex-2020.7.14-cp36-cp36m-manylinux2010_i686.whl", hash = "sha256:9c568495e35599625f7b999774e29e8d6b01a6fb684d77dee1f56d41b11b40cd"},
    {file = "regex-2020.7.14-cp36-cp36m-manylinux2010_x86_64.whl", hash = "sha256:51178c738d559a2d1071ce0b0f56e57eb315bcf8f7d4cf127674b533e3101f88"},
    {file = "regex-2020.7.14-cp36-cp36m-win32.whl", hash = "sha256:9eddaafb3c48e0900690c1727fba226c4804b8e6127ea409689c3bb492d06de4"},
    {file = "regex-2020.7.14-cp36-cp36m-win_amd64.whl", hash = "sha256:14a53646369157baa0499513f96091eb70382eb50b2c82393d17d7ec81b7b85f"},
    {file = "regex-2020.7.14-cp37-cp37m-manylinux1_i686.whl", hash = "sha256:1269fef3167bb52631ad4fa7dd27bf635d5a0790b8e6222065d42e91bede4162"},
    {file = "regex-2020.7.14-cp37-cp37m-manylinux1_x86_64.whl", hash = "sha256:d0a5095d52b90ff38592bbdc2644f17c6d495762edf47d876049cfd2968fbccf"},
    {file = "regex-2020.7.14-cp37-cp37m-manylinux2010_i686.whl", hash = "sha256:4c037fd14c5f4e308b8370b447b469ca10e69427966527edcab07f52d88388f7"},
    {file = "regex-2020.7.14-cp37-cp37m-manylinux2010_x86_64.whl", hash = "sha256:bc3d98f621898b4a9bc7fecc00513eec8f40b5b83913d74ccb445f037d58cd89"},
    {file = "regex-2020.7.14-cp37-cp37m-win32.whl", hash = "sha256:46bac5ca10fb748d6c55843a931855e2727a7a22584f302dd9bb1506e69f83f6"},
    {file = "regex-2020.7.14-cp37-cp37m-win_amd64.whl", hash = "sha256:0dc64ee3f33cd7899f79a8d788abfbec168410be356ed9bd30bbd3f0a23a7204"},
    {file = "regex-2020.7.14-cp38-cp38-manylinux1_i686.whl", hash = "sha256:5ea81ea3dbd6767873c611687141ec7b06ed8bab43f68fad5b7be184a920dc99"},
    {file = "regex-2020.7.14-cp38-cp38-manylinux1_x86_64.whl", hash = "sha256:bbb332d45b32df41200380fff14712cb6093b61bd142272a10b16778c418e98e"},
    {file = "regex-2020.7.14-cp38-cp38-manylinux2010_i686.whl", hash = "sha256:c11d6033115dc4887c456565303f540c44197f4fc1a2bfb192224a301534888e"},
    {file = "regex-2020.7.14-cp38-cp38-manylinux2010_x86_64.whl", hash = "sha256:75aaa27aa521a182824d89e5ab0a1d16ca207318a6b65042b046053cfc8ed07a"},
    {file = "regex-2020.7.14-cp38-cp38-win32.whl", hash = "sha256:d6cff2276e502b86a25fd10c2a96973fdb45c7a977dca2138d661417f3728341"},
    {file = "regex-2020.7.14-cp38-cp38-win_amd64.whl", hash = "sha256:7a2dd66d2d4df34fa82c9dc85657c5e019b87932019947faece7983f2089a840"},
    {file = "regex-2020.7.14.tar.gz", hash = "sha256:3a3af27a8d23143c49a3420efe5b3f8cf1a48c6fc8bc6856b03f638abc1833bb"},
]
six = [
    {file = "six-1.15.0-py2.py3-none-any.whl", hash = "sha256:8b74bedcbbbaca38ff6d7491d76f2b06b3592611af620f8426e82dddb04a5ced"},
    {file = "six-1.15.0.tar.gz", hash = "sha256:30639c035cdb23534cd4aa2dd52c3bf48f06e5f4a941509c8bafd8ce11080259"},
]
sqlparse = [
    {file = "sqlparse-0.3.1-py2.py3-none-any.whl", hash = "sha256:022fb9c87b524d1f7862b3037e541f68597a730a8843245c349fc93e1643dc4e"},
    {file = "sqlparse-0.3.1.tar.gz", hash = "sha256:e162203737712307dfe78860cc56c8da8a852ab2ee33750e33aeadf38d12c548"},
]
toml = [
    {file = "toml-0.10.1-py2.py3-none-any.whl", hash = "sha256:bda89d5935c2eac546d648028b9901107a595863cb36bae0c73ac804a9b4ce88"},
    {file = "toml-0.10.1.tar.gz", hash = "sha256:926b612be1e5ce0634a2ca03470f95169cf16f939018233a670519cb4ac58b0f"},
]
typed-ast = [
    {file = "typed_ast-1.4.1-cp35-cp35m-manylinux1_i686.whl", hash = "sha256:73d785a950fc82dd2a25897d525d003f6378d1cb23ab305578394694202a58c3"},
    {file = "typed_ast-1.4.1-cp35-cp35m-manylinux1_x86_64.whl", hash = "sha256:aaee9905aee35ba5905cfb3c62f3e83b3bec7b39413f0a7f19be4e547ea01ebb"},
    {file = "typed_ast-1.4.1-cp35-cp35m-win32.whl", hash = "sha256:0c2c07682d61a629b68433afb159376e24e5b2fd4641d35424e462169c0a7919"},
    {file = "typed_ast-1.4.1-cp35-cp35m-win_amd64.whl", hash = "sha256:4083861b0aa07990b619bd7ddc365eb7fa4b817e99cf5f8d9cf21a42780f6e01"},
    {file = "typed_ast-1.4.1-cp36-cp36m-macosx_10_9_x86_64.whl", hash = "sha256:269151951236b0f9a6f04015a9004084a5ab0d5f19b57de779f908621e7d8b75"},
    {file = "typed_ast-1.4.1-cp36-cp36m-manylinux1_i686.whl", hash = "sha256:24995c843eb0ad11a4527b026b4dde3da70e1f2d8806c99b7b4a7cf491612652"},
    {file = "typed_ast-1.4.1-cp36-cp36m-manylinux1_x86_64.whl", hash = "sha256:fe460b922ec15dd205595c9b5b99e2f056fd98ae8f9f56b888e7a17dc2b757e7"},
    {file = "typed_ast-1.4.1-cp36-cp36m-win32.whl", hash = "sha256:4e3e5da80ccbebfff202a67bf900d081906c358ccc3d5e3c8aea42fdfdfd51c1"},
    {file = "typed_ast-1.4.1-cp36-cp36m-win_amd64.whl", hash = "sha256:249862707802d40f7f29f6e1aad8d84b5aa9e44552d2cc17384b209f091276aa"},
    {file = "typed_ast-1.4.1-cp37-cp37m-macosx_10_9_x86_64.whl", hash = "sha256:8ce678dbaf790dbdb3eba24056d5364fb45944f33553dd5869b7580cdbb83614"},
    {file = "typed_ast-1.4.1-cp37-cp37m-manylinux1_i686.whl", hash = "sha256:c9e348e02e4d2b4a8b2eedb48210430658df6951fa484e59de33ff773fbd4b41"},
    {file = "typed_ast-1.4.1-cp37-cp37m-manylinux1_x86_64.whl", hash = "sha256:bcd3b13b56ea479b3650b82cabd6b5343a625b0ced5429e4ccad28a8973f301b"},
    {file = "typed_ast-1.4.1-cp37-cp37m-win32.whl", hash = "sha256:d5d33e9e7af3b34a40dc05f498939f0ebf187f07c385fd58d591c533ad8562fe"},
    {file = "typed_ast-1.4.1-cp37-cp37m-win_amd64.whl", hash = "sha256:0666aa36131496aed8f7be0410ff974562ab7eeac11ef351def9ea6fa28f6355"},
    {file = "typed_ast-1.4.1-cp38-cp38-macosx_10_15_x86_64.whl", hash = "sha256:d205b1b46085271b4e15f670058ce182bd1199e56b317bf2ec004b6a44f911f6"},
    {file = "typed_ast-1.4.1-cp38-cp38-manylinux1_i686.whl", hash = "sha256:6daac9731f172c2a22ade6ed0c00197ee7cc1221aa84cfdf9c31defeb059a907"},
    {file = "typed_ast-1.4.1-cp38-cp38-manylinux1_x86_64.whl", hash = "sha256:498b0f36cc7054c1fead3d7fc59d2150f4d5c6c56ba7fb150c013fbc683a8d2d"},
    {file = "typed_ast-1.4.1-cp38-cp38-win32.whl", hash = "sha256:715ff2f2df46121071622063fc7543d9b1fd19ebfc4f5c8895af64a77a8c852c"},
    {file = "typed_ast-1.4.1-cp38-cp38-win_amd64.whl", hash = "sha256:fc0fea399acb12edbf8a628ba8d2312f583bdbdb3335635db062fa98cf71fca4"},
    {file = "typed_ast-1.4.1-cp39-cp39-macosx_10_15_x86_64.whl", hash = "sha256:d43943ef777f9a1c42bf4e552ba23ac77a6351de620aa9acf64ad54933ad4d34"},
    {file = "typed_ast-1.4.1.tar.gz", hash = "sha256:8c8aaad94455178e3187ab22c8b01a3837f8ee50e09cf31f1ba129eb293ec30b"},
]
urlman = [
    {file = "urlman-1.3.0-py2-none-any.whl", hash = "sha256:0cbdbf96c771baaf0be7f08fbc15501f96d3d6a886c74a337e1671d2e7a5c65c"},
    {file = "urlman-1.3.0.tar.gz", hash = "sha256:dbb82fdab1ffa1797e5e77dce131d6a4f02c4d2047663692d184f51b67991c4f"},
]
